
Microsoft Visual Studio Solution File, Format Version 12.00
# Visual Studio Version 17
VisualStudioVersion = 17.0.32014.148
MinimumVisualStudioVersion = 10.0.40219.1
Project("{FAE04EC0-301F-11D3-BF4B-00C04F79EFBC}") = "SuperHeroAPI", "SuperHeroAPI\SuperHeroAPI.csproj", "{BA0D20BD-1157-41B6-AD7A-78DBB9AD52AB}"
EndProject
Global
	GlobalSection(SolutionConfigurationPlatforms) = preSolution
		Debug|Any CPU = Debug|Any CPU
		Release|Any CPU = Release|Any CPU
	EndGlobalSection
	GlobalSection(ProjectConfigurationPlatforms) = postSolution
		{BA0D20BD-1157-41B6-AD7A-78DBB9AD52AB}.Debug|Any CPU.ActiveCfg = Debug|Any CPU
		{BA0D20BD-1157-41B6-AD7A-78DBB9AD52AB}.Debug|Any CPU.Build.0 = Debug|Any CPU
		{BA0D20BD-1157-41B6-AD7A-78DBB9AD52AB}.Release|Any CPU.ActiveCfg = Release|Any CPU
		{BA0D20BD-1157-41B6-AD7A-78DBB9AD52AB}.Release|Any CPU.Build.0 = Release|Any CPU
	EndGlobalSection
	GlobalSection(SolutionProperties) = preSolution
		HideSolutionNode = FALSE
	EndGlobalSection
	GlobalSection(ExtensibilityGlobals) = postSolution
		SolutionGuid = {117967B3-ADAE-40D6-870D-DDBED8EC133E}
	EndGlobalSection
EndGlobal
